
Microsoft Visual Studio Solution File, Format Version 12.00
# Visual Studio Version 17
VisualStudioVersion = 17.4.33103.184
MinimumVisualStudioVersion = 10.0.40219.1
Project("{FAE04EC0-301F-11D3-BF4B-00C04F79EFBC}") = "webapi.healthclinic.tarde", "webapi.healthclinic.tarde.csproj", "{B5274EBA-324D-4730-8C10-D84CA18885F1}"
EndProject
Global
	GlobalSection(SolutionConfigurationPlatforms) = preSolution
		Debug|Any CPU = Debug|Any CPU
		Release|Any CPU = Release|Any CPU
	EndGlobalSection
	GlobalSection(ProjectConfigurationPlatforms) = postSolution
		{B5274EBA-324D-4730-8C10-D84CA18885F1}.Debug|Any CPU.ActiveCfg = Debug|Any CPU
		{B5274EBA-324D-4730-8C10-D84CA18885F1}.Debug|Any CPU.Build.0 = Debug|Any CPU
		{B5274EBA-324D-4730-8C10-D84CA18885F1}.Release|Any CPU.ActiveCfg = Release|Any CPU
		{B5274EBA-324D-4730-8C10-D84CA18885F1}.Release|Any CPU.Build.0 = Release|Any CPU
	EndGlobalSection
	GlobalSection(SolutionProperties) = preSolution
		HideSolutionNode = FALSE
	EndGlobalSection
	GlobalSection(ExtensibilityGlobals) = postSolution
		SolutionGuid = {601C289D-5C9B-41FF-BA29-6DDA1B418697}
	EndGlobalSection
EndGlobal
